
Microsoft Visual Studio Solution File, Format Version 12.00
# Visual Studio Version 17
VisualStudioVersion = 17.10.34707.107
MinimumVisualStudioVersion = 10.0.40219.1
Project("{FAE04EC0-301F-11D3-BF4B-00C04F79EFBC}") = "DeezerMusicSync.Api", "DeezerMusicSync.Api\DeezerMusicSync.Api.csproj", "{FA09143A-D2F6-4732-8DE0-4AFF61F9204A}"
EndProject
Project("{2150E333-8FDC-42A3-9474-1A3956D46DE8}") = "WebApi", "WebApi", "{4BA830B8-83D0-431E-A89D-0916435675BF}"
EndProject
Project("{2150E333-8FDC-42A3-9474-1A3956D46DE8}") = "Frontend", "Frontend", "{1937AFE4-D847-46AD-8C33-7FA36FFAECEC}"
EndProject
Project("{FAE04EC0-301F-11D3-BF4B-00C04F79EFBC}") = "DeezerMusicSync.Native", "DeezerMusicSync.Native\DeezerMusicSync.Native.csproj", "{68A6740D-6218-4327-82E0-54DD53F41870}"
EndProject
Global
	GlobalSection(SolutionConfigurationPlatforms) = preSolution
		Debug|Any CPU = Debug|Any CPU
		Release|Any CPU = Release|Any CPU
	EndGlobalSection
	GlobalSection(ProjectConfigurationPlatforms) = postSolution
		{FA09143A-D2F6-4732-8DE0-4AFF61F9204A}.Debug|Any CPU.ActiveCfg = Debug|Any CPU
		{FA09143A-D2F6-4732-8DE0-4AFF61F9204A}.Debug|Any CPU.Build.0 = Debug|Any CPU
		{FA09143A-D2F6-4732-8DE0-4AFF61F9204A}.Release|Any CPU.ActiveCfg = Release|Any CPU
		{FA09143A-D2F6-4732-8DE0-4AFF61F9204A}.Release|Any CPU.Build.0 = Release|Any CPU
		{68A6740D-6218-4327-82E0-54DD53F41870}.Debug|Any CPU.ActiveCfg = Debug|Any CPU
		{68A6740D-6218-4327-82E0-54DD53F41870}.Debug|Any CPU.Build.0 = Debug|Any CPU
		{68A6740D-6218-4327-82E0-54DD53F41870}.Debug|Any CPU.Deploy.0 = Debug|Any CPU
		{68A6740D-6218-4327-82E0-54DD53F41870}.Release|Any CPU.ActiveCfg = Release|Any CPU
		{68A6740D-6218-4327-82E0-54DD53F41870}.Release|Any CPU.Build.0 = Release|Any CPU
		{68A6740D-6218-4327-82E0-54DD53F41870}.Release|Any CPU.Deploy.0 = Release|Any CPU
	EndGlobalSection
	GlobalSection(SolutionProperties) = preSolution
		HideSolutionNode = FALSE
	EndGlobalSection
	GlobalSection(NestedProjects) = preSolution
		{FA09143A-D2F6-4732-8DE0-4AFF61F9204A} = {4BA830B8-83D0-431E-A89D-0916435675BF}
		{68A6740D-6218-4327-82E0-54DD53F41870} = {1937AFE4-D847-46AD-8C33-7FA36FFAECEC}
	EndGlobalSection
	GlobalSection(ExtensibilityGlobals) = postSolution
		SolutionGuid = {BC335D42-0212-4AD1-A29A-880916AA7988}
	EndGlobalSection
EndGlobal
